
Microsoft Visual Studio Solution File, Format Version 12.00
Project("{2150E333-8FDC-42A3-9474-1A3956D46DE8}") = "Apps", "Apps", "{B6E9BA96-1963-4507-B85B-8DB2E81184E4}"
EndProject
Project("{2150E333-8FDC-42A3-9474-1A3956D46DE8}") = "Kernel", "Kernel", "{A8CF9F99-5938-4D97-B07E-65FF3839FAA9}"
EndProject
Project("{FAE04EC0-301F-11D3-BF4B-00C04F79EFBC}") = "Web.API", "Web.API\Web.API.csproj", "{775B6A69-5A57-4D70-825D-0F21B9E125E8}"
EndProject
Project("{FAE04EC0-301F-11D3-BF4B-00C04F79EFBC}") = "Entities", "Entities\Entities.csproj", "{72C5CC3F-93DE-4615-87CE-80662C1B6A22}"
EndProject
Project("{FAE04EC0-301F-11D3-BF4B-00C04F79EFBC}") = "Application", "Application\Application.csproj", "{5D6D752C-CCE6-4AB3-8E14-71092F99FF18}"
EndProject
Project("{FAE04EC0-301F-11D3-BF4B-00C04F79EFBC}") = "Infrastructure", "Infrastructure\Infrastructure.csproj", "{94E7D906-8F2E-47F3-AEB4-7075A56BC39B}"
EndProject
Project("{2150E333-8FDC-42A3-9474-1A3956D46DE8}") = "Tests", "Tests", "{874E2222-2207-420C-A289-0FC64CE61452}"
EndProject
Project("{FAE04EC0-301F-11D3-BF4B-00C04F79EFBC}") = "Application.Tests", "Tests\Application.Tests\Application.Tests.csproj", "{BFC37372-634E-43F4-B978-5B70BAE111A5}"
EndProject
Global
	GlobalSection(SolutionConfigurationPlatforms) = preSolution
		Debug|Any CPU = Debug|Any CPU
		Release|Any CPU = Release|Any CPU
	EndGlobalSection
	GlobalSection(NestedProjects) = preSolution
		{775B6A69-5A57-4D70-825D-0F21B9E125E8} = {B6E9BA96-1963-4507-B85B-8DB2E81184E4}
		{72C5CC3F-93DE-4615-87CE-80662C1B6A22} = {A8CF9F99-5938-4D97-B07E-65FF3839FAA9}
		{5D6D752C-CCE6-4AB3-8E14-71092F99FF18} = {A8CF9F99-5938-4D97-B07E-65FF3839FAA9}
		{94E7D906-8F2E-47F3-AEB4-7075A56BC39B} = {A8CF9F99-5938-4D97-B07E-65FF3839FAA9}
		{BFC37372-634E-43F4-B978-5B70BAE111A5} = {874E2222-2207-420C-A289-0FC64CE61452}
	EndGlobalSection
	GlobalSection(ProjectConfigurationPlatforms) = postSolution
		{775B6A69-5A57-4D70-825D-0F21B9E125E8}.Debug|Any CPU.ActiveCfg = Debug|Any CPU
		{775B6A69-5A57-4D70-825D-0F21B9E125E8}.Debug|Any CPU.Build.0 = Debug|Any CPU
		{775B6A69-5A57-4D70-825D-0F21B9E125E8}.Release|Any CPU.ActiveCfg = Release|Any CPU
		{775B6A69-5A57-4D70-825D-0F21B9E125E8}.Release|Any CPU.Build.0 = Release|Any CPU
		{72C5CC3F-93DE-4615-87CE-80662C1B6A22}.Debug|Any CPU.ActiveCfg = Debug|Any CPU
		{72C5CC3F-93DE-4615-87CE-80662C1B6A22}.Debug|Any CPU.Build.0 = Debug|Any CPU
		{72C5CC3F-93DE-4615-87CE-80662C1B6A22}.Release|Any CPU.ActiveCfg = Release|Any CPU
		{72C5CC3F-93DE-4615-87CE-80662C1B6A22}.Release|Any CPU.Build.0 = Release|Any CPU
		{5D6D752C-CCE6-4AB3-8E14-71092F99FF18}.Debug|Any CPU.ActiveCfg = Debug|Any CPU
		{5D6D752C-CCE6-4AB3-8E14-71092F99FF18}.Debug|Any CPU.Build.0 = Debug|Any CPU
		{5D6D752C-CCE6-4AB3-8E14-71092F99FF18}.Release|Any CPU.ActiveCfg = Release|Any CPU
		{5D6D752C-CCE6-4AB3-8E14-71092F99FF18}.Release|Any CPU.Build.0 = Release|Any CPU
		{94E7D906-8F2E-47F3-AEB4-7075A56BC39B}.Debug|Any CPU.ActiveCfg = Debug|Any CPU
		{94E7D906-8F2E-47F3-AEB4-7075A56BC39B}.Debug|Any CPU.Build.0 = Debug|Any CPU
		{94E7D906-8F2E-47F3-AEB4-7075A56BC39B}.Release|Any CPU.ActiveCfg = Release|Any CPU
		{94E7D906-8F2E-47F3-AEB4-7075A56BC39B}.Release|Any CPU.Build.0 = Release|Any CPU
		{BFC37372-634E-43F4-B978-5B70BAE111A5}.Debug|Any CPU.ActiveCfg = Debug|Any CPU
		{BFC37372-634E-43F4-B978-5B70BAE111A5}.Debug|Any CPU.Build.0 = Debug|Any CPU
		{BFC37372-634E-43F4-B978-5B70BAE111A5}.Release|Any CPU.ActiveCfg = Release|Any CPU
		{BFC37372-634E-43F4-B978-5B70BAE111A5}.Release|Any CPU.Build.0 = Release|Any CPU
	EndGlobalSection
EndGlobal
