
Microsoft Visual Studio Solution File, Format Version 12.00
Project("{2150E333-8FDC-42A3-9474-1A3956D46DE8}") = "Apps", "Apps", "{B6E9BA96-1963-4507-B85B-8DB2E81184E4}"
EndProject
Project("{2150E333-8FDC-42A3-9474-1A3956D46DE8}") = "Modules", "Modules", "{A8CF9F99-5938-4D97-B07E-65FF3839FAA9}"
EndProject
Project("{2150E333-8FDC-42A3-9474-1A3956D46DE8}") = "Tests", "Tests", "{874E2222-2207-420C-A289-0FC64CE61452}"
EndProject
Project("{2150E333-8FDC-42A3-9474-1A3956D46DE8}") = "BuildingBlocks", "BuildingBlocks", "{BC72F973-6DAD-467B-921B-3081F53349B4}"
EndProject
Project("{FAE04EC0-301F-11D3-BF4B-00C04F79EFBC}") = "BuildingBlocks.Application", "BuildingBlocks\BuildingBlocks.Application\BuildingBlocks.Application.csproj", "{C4E23A8A-1D59-4AA7-A7E1-F27B842E77E8}"
EndProject
Project("{FAE04EC0-301F-11D3-BF4B-00C04F79EFBC}") = "BuildingBlocks.Infrastructure", "BuildingBlocks\BuildingBlocks.Infrastructure\BuildingBlocks.Infrastructure.csproj", "{0B0D376B-0F33-4D66-B074-A4E8E8ABEF6D}"
EndProject
Project("{FAE04EC0-301F-11D3-BF4B-00C04F79EFBC}") = "Modules.FlashCards", "Modules\Modules.FlashCards\Modules.FlashCards.csproj", "{08A5D954-66F5-4B95-94FE-BFC6BBE1A5F4}"
EndProject
Project("{FAE04EC0-301F-11D3-BF4B-00C04F79EFBC}") = "Modules.FlashCards.Tests", "Tests\Modules.FlashCards.Tests\Modules.FlashCards.Tests.csproj", "{67FAB42C-0185-43B5-BF97-9E9ABCEC226B}"
EndProject
Global
	GlobalSection(SolutionConfigurationPlatforms) = preSolution
		Debug|Any CPU = Debug|Any CPU
		Release|Any CPU = Release|Any CPU
	EndGlobalSection
	GlobalSection(NestedProjects) = preSolution
		{C4E23A8A-1D59-4AA7-A7E1-F27B842E77E8} = {BC72F973-6DAD-467B-921B-3081F53349B4}
		{0B0D376B-0F33-4D66-B074-A4E8E8ABEF6D} = {BC72F973-6DAD-467B-921B-3081F53349B4}
		{08A5D954-66F5-4B95-94FE-BFC6BBE1A5F4} = {A8CF9F99-5938-4D97-B07E-65FF3839FAA9}
		{67FAB42C-0185-43B5-BF97-9E9ABCEC226B} = {874E2222-2207-420C-A289-0FC64CE61452}
	EndGlobalSection
	GlobalSection(ProjectConfigurationPlatforms) = postSolution
		{C4E23A8A-1D59-4AA7-A7E1-F27B842E77E8}.Debug|Any CPU.ActiveCfg = Debug|Any CPU
		{C4E23A8A-1D59-4AA7-A7E1-F27B842E77E8}.Debug|Any CPU.Build.0 = Debug|Any CPU
		{C4E23A8A-1D59-4AA7-A7E1-F27B842E77E8}.Release|Any CPU.ActiveCfg = Release|Any CPU
		{C4E23A8A-1D59-4AA7-A7E1-F27B842E77E8}.Release|Any CPU.Build.0 = Release|Any CPU
		{0B0D376B-0F33-4D66-B074-A4E8E8ABEF6D}.Debug|Any CPU.ActiveCfg = Debug|Any CPU
		{0B0D376B-0F33-4D66-B074-A4E8E8ABEF6D}.Debug|Any CPU.Build.0 = Debug|Any CPU
		{0B0D376B-0F33-4D66-B074-A4E8E8ABEF6D}.Release|Any CPU.ActiveCfg = Release|Any CPU
		{0B0D376B-0F33-4D66-B074-A4E8E8ABEF6D}.Release|Any CPU.Build.0 = Release|Any CPU
		{08A5D954-66F5-4B95-94FE-BFC6BBE1A5F4}.Debug|Any CPU.ActiveCfg = Debug|Any CPU
		{08A5D954-66F5-4B95-94FE-BFC6BBE1A5F4}.Debug|Any CPU.Build.0 = Debug|Any CPU
		{08A5D954-66F5-4B95-94FE-BFC6BBE1A5F4}.Release|Any CPU.ActiveCfg = Release|Any CPU
		{08A5D954-66F5-4B95-94FE-BFC6BBE1A5F4}.Release|Any CPU.Build.0 = Release|Any CPU
		{67FAB42C-0185-43B5-BF97-9E9ABCEC226B}.Debug|Any CPU.ActiveCfg = Debug|Any CPU
		{67FAB42C-0185-43B5-BF97-9E9ABCEC226B}.Debug|Any CPU.Build.0 = Debug|Any CPU
		{67FAB42C-0185-43B5-BF97-9E9ABCEC226B}.Release|Any CPU.ActiveCfg = Release|Any CPU
		{67FAB42C-0185-43B5-BF97-9E9ABCEC226B}.Release|Any CPU.Build.0 = Release|Any CPU
	EndGlobalSection
EndGlobal
